{
  "name": "root",
  "lockfileVersion": 3,
  "requires": true,
  "packages": {
    "": {
      "name": "root",
      "license": "ISC",
      "workspaces": [
        "packages/*"
      ],
      "devDependencies": {
        "turbo": "2.1.0"
      }
    },
    "node_modules/css-var-extract": {
      "resolved": "packages/css-var-extract",
      "link": true
    },
    "node_modules/turbo": {
      "version": "2.1.0",
      "resolved": "https://registry.npmjs.org/turbo/-/turbo-2.1.0.tgz",
      "integrity": "sha512-A969/LO/sPHKlapIarY2VVzqQ5JnnW2/1kksZlnMEpsRD6gwOELvVL+ozfMiO7av9RILt3UeN02L17efr6HUCA==",
      "dev": true,
      "license": "MIT",
      "bin": {
        "turbo": "bin/turbo"
      },
      "optionalDependencies": {
        "turbo-darwin-64": "2.1.0",
        "turbo-darwin-arm64": "2.1.0",
        "turbo-linux-64": "2.1.0",
        "turbo-linux-arm64": "2.1.0",
        "turbo-windows-64": "2.1.0",
        "turbo-windows-arm64": "2.1.0"
      }
    },
    "node_modules/turbo-darwin-arm64": {
      "version": "2.1.0",
      "resolved": "https://registry.npmjs.org/turbo-darwin-arm64/-/turbo-darwin-arm64-2.1.0.tgz",
      "integrity": "sha512-GLaqGetNC6eS4eqXgsheLOHic/OcnGCGDi5boVf+TFZTXYH6YE15L4ugZha4xHXCr1KouCLILHh+f8EHEmWylg==",
      "cpu": [
        "arm64"
      ],
      "dev": true,
      "license": "MIT",
      "optional": true,
      "os": [
        "darwin"
      ]
    },
    "packages/css-var-extract": {
      "version": "0.1.0",
      "license": "ISC"
    }
  }
}
